[[package]]
name = "byteorder"
version = "1.2.1"
source = "registry+https://github.com/rust-lang/crates.io-index"

[[package]]
name = "capnp"
version = "0.8.14"
source = "registry+https://github.com/rust-lang/crates.io-index"
dependencies = [
 "byteorder 1.2.1 (registry+https://github.com/rust-lang/crates.io-index)",
]

[[package]]
name = "capnp_cookbook_2"
version = "0.1.0"
dependencies = [
 "capnp 0.8.14 (registry+https://github.com/rust-lang/crates.io-index)",
 "capnpc 0.8.8 (registry+https://github.com/rust-lang/crates.io-index)",
]

[[package]]
name = "capnpc"
version = "0.8.8"
source = "registry+https://github.com/rust-lang/crates.io-index"
dependencies = [
 "capnp 0.8.14 (registry+https://github.com/rust-lang/crates.io-index)",
]

[metadata]
"checksum byteorder 1.2.1 (registry+https://github.com/rust-lang/crates.io-index)" = "652805b7e73fada9d85e9a6682a4abd490cb52d96aeecc12e33a0de34dfd0d23"
"checksum capnp 0.8.14 (registry+https://github.com/rust-lang/crates.io-index)" = "e5f3355379315b02a7c2259c58c769901a84eb0b747786c81e9dd4b7f1295d02"
"checksum capnpc 0.8.8 (registry+https://github.com/rust-lang/crates.io-index)" = "932ae6d94484a79afd5d68559253848e93b19bac518790150bce65403bcd7ecd"
